
Microsoft Visual Studio Solution File, Format Version 12.00
# Visual Studio Version 17
VisualStudioVersion = 17.9.34622.214
MinimumVisualStudioVersion = 10.0.40219.1
Project("{2150E333-8FDC-42A3-9474-1A3956D46DE8}") = "src", "src", "{A4AE8AFA-0631-416B-8F87-BAA9D529728C}"
EndProject
Project("{2150E333-8FDC-42A3-9474-1A3956D46DE8}") = "BuildingBlocks", "BuildingBlocks", "{CF3C8C68-C28E-4C4A-B8ED-B6E1C9F540B9}"
EndProject
Project("{2150E333-8FDC-42A3-9474-1A3956D46DE8}") = "Services", "Services", "{B713F57B-2ACC-496B-B516-014097150D3A}"
EndProject
Project("{FAE04EC0-301F-11D3-BF4B-00C04F79EFBC}") = "EventBus.Messages", "EventBus.Messages\EventBus.Messages.csproj", "{2C351E6C-2FD1-4E35-8A84-01397A453019}"
EndProject
Project("{FAE04EC0-301F-11D3-BF4B-00C04F79EFBC}") = "Catalog.API", "Catalog.API\Catalog.API.csproj", "{7BBA99AB-0830-4DEE-9DE0-99E2774FD798}"
EndProject
Project("{2150E333-8FDC-42A3-9474-1A3956D46DE8}") = "Ordering", "Ordering", "{EBE5F1AA-3F99-4E84-8CD8-E1DB7D75F731}"
EndProject
Project("{FAE04EC0-301F-11D3-BF4B-00C04F79EFBC}") = "Ordering.API", "Ordering.API\Ordering.API.csproj", "{3EED4141-F414-49C6-A8AA-ABFC4F53FFE4}"
EndProject
Project("{FAE04EC0-301F-11D3-BF4B-00C04F79EFBC}") = "Ordering.Application", "Ordering.Application\Ordering.Application.csproj", "{7497537D-11C4-4869-B2A8-929909F0391E}"
EndProject
Project("{FAE04EC0-301F-11D3-BF4B-00C04F79EFBC}") = "Ordering.Domain", "Ordering.Domain\Ordering.Domain.csproj", "{B100870C-F46D-4578-95CD-8B4286CE1131}"
EndProject
Project("{FAE04EC0-301F-11D3-BF4B-00C04F79EFBC}") = "Ordering.Infrastructure", "Ordering.Infrastructure\Ordering.Infrastructure.csproj", "{5F92EC91-8B1A-4C72-8DE2-A0619BF30F0F}"
EndProject
Global
	GlobalSection(SolutionConfigurationPlatforms) = preSolution
		Debug|Any CPU = Debug|Any CPU
		Release|Any CPU = Release|Any CPU
	EndGlobalSection
	GlobalSection(ProjectConfigurationPlatforms) = postSolution
		{2C351E6C-2FD1-4E35-8A84-01397A453019}.Debug|Any CPU.ActiveCfg = Debug|Any CPU
		{2C351E6C-2FD1-4E35-8A84-01397A453019}.Debug|Any CPU.Build.0 = Debug|Any CPU
		{2C351E6C-2FD1-4E35-8A84-01397A453019}.Release|Any CPU.ActiveCfg = Release|Any CPU
		{2C351E6C-2FD1-4E35-8A84-01397A453019}.Release|Any CPU.Build.0 = Release|Any CPU
		{7BBA99AB-0830-4DEE-9DE0-99E2774FD798}.Debug|Any CPU.ActiveCfg = Debug|Any CPU
		{7BBA99AB-0830-4DEE-9DE0-99E2774FD798}.Debug|Any CPU.Build.0 = Debug|Any CPU
		{7BBA99AB-0830-4DEE-9DE0-99E2774FD798}.Release|Any CPU.ActiveCfg = Release|Any CPU
		{7BBA99AB-0830-4DEE-9DE0-99E2774FD798}.Release|Any CPU.Build.0 = Release|Any CPU
		{3EED4141-F414-49C6-A8AA-ABFC4F53FFE4}.Debug|Any CPU.ActiveCfg = Debug|Any CPU
		{3EED4141-F414-49C6-A8AA-ABFC4F53FFE4}.Debug|Any CPU.Build.0 = Debug|Any CPU
		{3EED4141-F414-49C6-A8AA-ABFC4F53FFE4}.Release|Any CPU.ActiveCfg = Release|Any CPU
		{3EED4141-F414-49C6-A8AA-ABFC4F53FFE4}.Release|Any CPU.Build.0 = Release|Any CPU
		{7497537D-11C4-4869-B2A8-929909F0391E}.Debug|Any CPU.ActiveCfg = Debug|Any CPU
		{7497537D-11C4-4869-B2A8-929909F0391E}.Debug|Any CPU.Build.0 = Debug|Any CPU
		{7497537D-11C4-4869-B2A8-929909F0391E}.Release|Any CPU.ActiveCfg = Release|Any CPU
		{7497537D-11C4-4869-B2A8-929909F0391E}.Release|Any CPU.Build.0 = Release|Any CPU
		{B100870C-F46D-4578-95CD-8B4286CE1131}.Debug|Any CPU.ActiveCfg = Debug|Any CPU
		{B100870C-F46D-4578-95CD-8B4286CE1131}.Debug|Any CPU.Build.0 = Debug|Any CPU
		{B100870C-F46D-4578-95CD-8B4286CE1131}.Release|Any CPU.ActiveCfg = Release|Any CPU
		{B100870C-F46D-4578-95CD-8B4286CE1131}.Release|Any CPU.Build.0 = Release|Any CPU
		{5F92EC91-8B1A-4C72-8DE2-A0619BF30F0F}.Debug|Any CPU.ActiveCfg = Debug|Any CPU
		{5F92EC91-8B1A-4C72-8DE2-A0619BF30F0F}.Debug|Any CPU.Build.0 = Debug|Any CPU
		{5F92EC91-8B1A-4C72-8DE2-A0619BF30F0F}.Release|Any CPU.ActiveCfg = Release|Any CPU
		{5F92EC91-8B1A-4C72-8DE2-A0619BF30F0F}.Release|Any CPU.Build.0 = Release|Any CPU
	EndGlobalSection
	GlobalSection(SolutionProperties) = preSolution
		HideSolutionNode = FALSE
	EndGlobalSection
	GlobalSection(NestedProjects) = preSolution
		{CF3C8C68-C28E-4C4A-B8ED-B6E1C9F540B9} = {A4AE8AFA-0631-416B-8F87-BAA9D529728C}
		{B713F57B-2ACC-496B-B516-014097150D3A} = {A4AE8AFA-0631-416B-8F87-BAA9D529728C}
		{2C351E6C-2FD1-4E35-8A84-01397A453019} = {CF3C8C68-C28E-4C4A-B8ED-B6E1C9F540B9}
		{7BBA99AB-0830-4DEE-9DE0-99E2774FD798} = {B713F57B-2ACC-496B-B516-014097150D3A}
		{EBE5F1AA-3F99-4E84-8CD8-E1DB7D75F731} = {B713F57B-2ACC-496B-B516-014097150D3A}
		{3EED4141-F414-49C6-A8AA-ABFC4F53FFE4} = {EBE5F1AA-3F99-4E84-8CD8-E1DB7D75F731}
		{7497537D-11C4-4869-B2A8-929909F0391E} = {EBE5F1AA-3F99-4E84-8CD8-E1DB7D75F731}
		{B100870C-F46D-4578-95CD-8B4286CE1131} = {EBE5F1AA-3F99-4E84-8CD8-E1DB7D75F731}
		{5F92EC91-8B1A-4C72-8DE2-A0619BF30F0F} = {EBE5F1AA-3F99-4E84-8CD8-E1DB7D75F731}
	EndGlobalSection
	GlobalSection(ExtensibilityGlobals) = postSolution
		SolutionGuid = {E5A0CE10-0C59-4E8C-B2A2-22617EBD08E4}
	EndGlobalSection
EndGlobal
