
Microsoft Visual Studio Solution File, Format Version 12.00
# Visual Studio Version 17
VisualStudioVersion = 17.9.34622.214
MinimumVisualStudioVersion = 10.0.40219.1
Project("{2150E333-8FDC-42A3-9474-1A3956D46DE8}") = "src", "src", "{A4AE8AFA-0631-416B-8F87-BAA9D529728C}"
EndProject
Project("{2150E333-8FDC-42A3-9474-1A3956D46DE8}") = "BuildingBlocks", "BuildingBlocks", "{CF3C8C68-C28E-4C4A-B8ED-B6E1C9F540B9}"
EndProject
Project("{2150E333-8FDC-42A3-9474-1A3956D46DE8}") = "Services", "Services", "{B713F57B-2ACC-496B-B516-014097150D3A}"
EndProject
Project("{2150E333-8FDC-42A3-9474-1A3956D46DE8}") = "Ordering", "Ordering", "{EBE5F1AA-3F99-4E84-8CD8-E1DB7D75F731}"
EndProject
Project("{9A19103F-16F7-4668-BE54-9A1E7A4F7556}") = "Catalog.API", "src\Services\Catalog\Catalog.API\Catalog.API.csproj", "{782ABADA-BAED-49F3-BECA-718B24B9D47F}"
EndProject
Project("{9A19103F-16F7-4668-BE54-9A1E7A4F7556}") = "Ordering.API", "src\Services\Ordering\Ordering.API\Ordering.API.csproj", "{3600C03B-EF32-4018-97AC-305BC7CB467B}"
EndProject
Project("{9A19103F-16F7-4668-BE54-9A1E7A4F7556}") = "Ordering.Application", "src\Services\Ordering\Ordering.Application\Ordering.Application.csproj", "{07771B1D-C8F5-498B-99B9-1558F5521AEE}"
EndProject
Project("{9A19103F-16F7-4668-BE54-9A1E7A4F7556}") = "Ordering.Domain", "src\Services\Ordering\Ordering.Domain\Ordering.Domain.csproj", "{26C64D30-A7CA-4DF9-B67C-03ED7BC3A170}"
EndProject
Project("{9A19103F-16F7-4668-BE54-9A1E7A4F7556}") = "Ordering.Infrastructure", "src\Services\Ordering\Ordering.Infrastructure\Ordering.Infrastructure.csproj", "{F3AF46F1-5DEB-4625-8AA5-89047CCEC342}"
EndProject
Project("{9A19103F-16F7-4668-BE54-9A1E7A4F7556}") = "EventBus.Messages", "src\BuildingBlocks\EventBus.Messages\EventBus.Messages.csproj", "{EBC8784D-5305-43DE-8DC5-A01E3105D8B1}"
EndProject
Project("{2150E333-8FDC-42A3-9474-1A3956D46DE8}") = "Solution Items", "Solution Items", "{854D643F-5E10-47BF-A7AC-B30A241C8FC1}"
	ProjectSection(SolutionItems) = preProject
		docker-compose.yml = docker-compose.yml
	EndProjectSection
EndProject
Global
	GlobalSection(SolutionConfigurationPlatforms) = preSolution
		Debug|Any CPU = Debug|Any CPU
		Release|Any CPU = Release|Any CPU
	EndGlobalSection
	GlobalSection(ProjectConfigurationPlatforms) = postSolution
		{782ABADA-BAED-49F3-BECA-718B24B9D47F}.Debug|Any CPU.ActiveCfg = Debug|Any CPU
		{782ABADA-BAED-49F3-BECA-718B24B9D47F}.Debug|Any CPU.Build.0 = Debug|Any CPU
		{782ABADA-BAED-49F3-BECA-718B24B9D47F}.Release|Any CPU.ActiveCfg = Release|Any CPU
		{782ABADA-BAED-49F3-BECA-718B24B9D47F}.Release|Any CPU.Build.0 = Release|Any CPU
		{3600C03B-EF32-4018-97AC-305BC7CB467B}.Debug|Any CPU.ActiveCfg = Debug|Any CPU
		{3600C03B-EF32-4018-97AC-305BC7CB467B}.Debug|Any CPU.Build.0 = Debug|Any CPU
		{3600C03B-EF32-4018-97AC-305BC7CB467B}.Release|Any CPU.ActiveCfg = Release|Any CPU
		{3600C03B-EF32-4018-97AC-305BC7CB467B}.Release|Any CPU.Build.0 = Release|Any CPU
		{07771B1D-C8F5-498B-99B9-1558F5521AEE}.Debug|Any CPU.ActiveCfg = Debug|Any CPU
		{07771B1D-C8F5-498B-99B9-1558F5521AEE}.Debug|Any CPU.Build.0 = Debug|Any CPU
		{07771B1D-C8F5-498B-99B9-1558F5521AEE}.Release|Any CPU.ActiveCfg = Release|Any CPU
		{07771B1D-C8F5-498B-99B9-1558F5521AEE}.Release|Any CPU.Build.0 = Release|Any CPU
		{26C64D30-A7CA-4DF9-B67C-03ED7BC3A170}.Debug|Any CPU.ActiveCfg = Debug|Any CPU
		{26C64D30-A7CA-4DF9-B67C-03ED7BC3A170}.Debug|Any CPU.Build.0 = Debug|Any CPU
		{26C64D30-A7CA-4DF9-B67C-03ED7BC3A170}.Release|Any CPU.ActiveCfg = Release|Any CPU
		{26C64D30-A7CA-4DF9-B67C-03ED7BC3A170}.Release|Any CPU.Build.0 = Release|Any CPU
		{F3AF46F1-5DEB-4625-8AA5-89047CCEC342}.Debug|Any CPU.ActiveCfg = Debug|Any CPU
		{F3AF46F1-5DEB-4625-8AA5-89047CCEC342}.Debug|Any CPU.Build.0 = Debug|Any CPU
		{F3AF46F1-5DEB-4625-8AA5-89047CCEC342}.Release|Any CPU.ActiveCfg = Release|Any CPU
		{F3AF46F1-5DEB-4625-8AA5-89047CCEC342}.Release|Any CPU.Build.0 = Release|Any CPU
		{EBC8784D-5305-43DE-8DC5-A01E3105D8B1}.Debug|Any CPU.ActiveCfg = Debug|Any CPU
		{EBC8784D-5305-43DE-8DC5-A01E3105D8B1}.Debug|Any CPU.Build.0 = Debug|Any CPU
		{EBC8784D-5305-43DE-8DC5-A01E3105D8B1}.Release|Any CPU.ActiveCfg = Release|Any CPU
		{EBC8784D-5305-43DE-8DC5-A01E3105D8B1}.Release|Any CPU.Build.0 = Release|Any CPU
	EndGlobalSection
	GlobalSection(SolutionProperties) = preSolution
		HideSolutionNode = FALSE
	EndGlobalSection
	GlobalSection(NestedProjects) = preSolution
		{CF3C8C68-C28E-4C4A-B8ED-B6E1C9F540B9} = {A4AE8AFA-0631-416B-8F87-BAA9D529728C}
		{B713F57B-2ACC-496B-B516-014097150D3A} = {A4AE8AFA-0631-416B-8F87-BAA9D529728C}
		{EBE5F1AA-3F99-4E84-8CD8-E1DB7D75F731} = {B713F57B-2ACC-496B-B516-014097150D3A}
		{782ABADA-BAED-49F3-BECA-718B24B9D47F} = {B713F57B-2ACC-496B-B516-014097150D3A}
		{3600C03B-EF32-4018-97AC-305BC7CB467B} = {EBE5F1AA-3F99-4E84-8CD8-E1DB7D75F731}
		{07771B1D-C8F5-498B-99B9-1558F5521AEE} = {EBE5F1AA-3F99-4E84-8CD8-E1DB7D75F731}
		{26C64D30-A7CA-4DF9-B67C-03ED7BC3A170} = {EBE5F1AA-3F99-4E84-8CD8-E1DB7D75F731}
		{F3AF46F1-5DEB-4625-8AA5-89047CCEC342} = {EBE5F1AA-3F99-4E84-8CD8-E1DB7D75F731}
		{EBC8784D-5305-43DE-8DC5-A01E3105D8B1} = {CF3C8C68-C28E-4C4A-B8ED-B6E1C9F540B9}
	EndGlobalSection
	GlobalSection(ExtensibilityGlobals) = postSolution
		SolutionGuid = {E5A0CE10-0C59-4E8C-B2A2-22617EBD08E4}
	EndGlobalSection
EndGlobal
